
Microsoft Visual Studio Solution File, Format Version 12.00
# Visual Studio Version 17
VisualStudioVersion = 17.2.32630.192
MinimumVisualStudioVersion = 10.0.40219.1
Project("{FAE04EC0-301F-11D3-BF4B-00C04F79EFBC}") = "Airlines.Apis", "Airlines.Apis\Airlines.Apis.csproj", "{3EE1B2CF-7CCC-43F2-8EAE-3198A2899784}"
EndProject
Global
	GlobalSection(SolutionConfigurationPlatforms) = preSolution
		Debug|Any CPU = Debug|Any CPU
		Release|Any CPU = Release|Any CPU
	EndGlobalSection
	GlobalSection(ProjectConfigurationPlatforms) = postSolution
		{3EE1B2CF-7CCC-43F2-8EAE-3198A2899784}.Debug|Any CPU.ActiveCfg = Debug|Any CPU
		{3EE1B2CF-7CCC-43F2-8EAE-3198A2899784}.Debug|Any CPU.Build.0 = Debug|Any CPU
		{3EE1B2CF-7CCC-43F2-8EAE-3198A2899784}.Release|Any CPU.ActiveCfg = Release|Any CPU
		{3EE1B2CF-7CCC-43F2-8EAE-3198A2899784}.Release|Any CPU.Build.0 = Release|Any CPU
	EndGlobalSection
	GlobalSection(SolutionProperties) = preSolution
		HideSolutionNode = FALSE
	EndGlobalSection
	GlobalSection(ExtensibilityGlobals) = postSolution
		SolutionGuid = {56155095-22E1-4D72-ACA6-7F2489E7AA40}
	EndGlobalSection
EndGlobal
